<Solution>
  <Folder Name="/.github/">
    <File Path=".github/dependabot.yml" />
  </Folder>
  <Folder Name="/.github/workflows/">
    <File Path=".github/workflows/docker-tests.yml" />
    <File Path=".github/workflows/release-source-set.yml" />
    <File Path=".github/workflows/validate.yml" />
  </Folder>
  <Folder Name="/Solution Items/">
    <File Path=".config/dotnet-tools.json" />
    <File Path=".editorconfig" />
    <File Path=".gitattributes" />
    <File Path=".gitignore" />
    <File Path=".gitmodules" />
    <File Path="Directory.Build.props" />
    <File Path="Directory.Packages.props" />
    <File Path="Gma.SourceRoots.props.example" />
    <File Path="README.md" />
    <File Path="global.json" />
    <File Path="nuget.config" />
  </Folder>
  <Folder Name="/docs/">
    <File Path="docs/README.md" />
  </Folder>
  <Folder Name="/docs/architecture/">
    <File Path="docs/architecture/auth-and-notifications.md" />
    <File Path="docs/architecture/ingestion-adapter-boundary.md" />
    <File Path="docs/architecture/overview.md" />
    <File Path="docs/architecture/workspaces-and-onboarding.md" />
  </Folder>
  <Folder Name="/docs/examples/">
    <File Path="docs/examples/cross-module-integration.md" />
  </Folder>
  <Folder Name="/docs/getting-started/">
    <File Path="docs/getting-started/gma-source-mounts.md" />
    <File Path="docs/getting-started/local-development.md" />
    <File Path="docs/getting-started/setup.md" />
  </Folder>
  <Folder Name="/docs/operations/">
    <File Path="docs/operations/ingestion-runtime-baseline.md" />
  </Folder>
  <Folder Name="/docs/planning/">
    <File Path="docs/planning/adapter-http-client-task.md" />
    <File Path="docs/planning/architecture-cleanup-task.md" />
    <File Path="docs/planning/development-guidelines.md" />
    <File Path="docs/planning/gma-access-control-properties-alignment.md" />
    <File Path="docs/planning/gma-durable-runtime-alignment.md" />
    <File Path="docs/planning/guest-records-module-task.md" />
    <File Path="docs/planning/imap-reservation-mail-adapter-task.md" />
    <File Path="docs/planning/imap-reservation-mail-authentication-task.md" />
    <File Path="docs/planning/imap-reservation-mail-key-rotation-task.md" />
    <File Path="docs/planning/ingestion-adapter-ingress-task.md" />
    <File Path="docs/planning/ingestion-legal-holds-task.md" />
    <File Path="docs/planning/ingestion-module-task.md" />
    <File Path="docs/planning/ingestion-pii-minimization-task.md" />
    <File Path="docs/planning/ingestion-sensitive-history-retention-task.md" />
    <File Path="docs/planning/ingestion-source-reprocessing-task.md" />
    <File Path="docs/planning/inventory-module-task.md" />
    <File Path="docs/planning/inventory-room-retirement-and-throughput-hardening-task.md" />
    <File Path="docs/planning/inventory-topology-change-safety-task.md" />
    <File Path="docs/planning/json-file-drop-adapter-task.md" />
    <File Path="docs/planning/json-file-drop-local-retention-task.md" />
    <File Path="docs/planning/json-file-drop-quarantine-task.md" />
    <File Path="docs/planning/pre-module-readiness.md" />
    <File Path="docs/planning/product-domain-map.md" />
    <File Path="docs/planning/properties-follow-up-notes.md" />
    <File Path="docs/planning/properties-module-task.md" />
    <File Path="docs/planning/properties-topology-lifecycle-task.md" />
    <File Path="docs/planning/remote-adapter-lease-task.md" />
    <File Path="docs/planning/reservations-module-task.md" />
    <File Path="docs/planning/reservations-stay-lifecycle-task.md" />
    <File Path="docs/planning/staff-profiles-module-task.md" />
    <File Path="docs/planning/standalone-adapter-host-task.md" />
    <File Path="docs/planning/workspace-access-profiles-task.md" />
    <File Path="docs/planning/workspace-onboarding-task.md" />
  </Folder>
  <Folder Name="/eng/">
    <File Path="eng/add-migration.ps1" />
    <File Path="eng/build.ps1" />
    <File Path="eng/check-migrations.ps1" />
    <File Path="eng/check-source-packages.ps1" />
    <File Path="eng/check-submodule-dev-heads.ps1" />
    <File Path="eng/common.ps1" />
    <File Path="eng/export-openapi.ps1" />
    <File Path="eng/export-source-set.ps1" />
    <File Path="eng/gma-bootstrap.ps1" />
    <File Path="eng/gma-status.ps1" />
    <File Path="eng/gma-update.ps1" />
    <File Path="eng/gma-validate.ps1" />
    <File Path="eng/new-module.ps1" />
    <File Path="eng/restore.ps1" />
    <File Path="eng/run-adapter.ps1" />
    <File Path="eng/run-admin-api.ps1" />
    <File Path="eng/run-admin.ps1" />
    <File Path="eng/run-api.ps1" />
    <File Path="eng/run-aspire.ps1" />
    <File Path="eng/run-worker.ps1" />
    <File Path="eng/test-docker.ps1" />
    <File Path="eng/test-fast.ps1" />
    <File Path="eng/test-ingestion-runtime.ps1" />
    <File Path="eng/update-solutions.ps1" />
    <File Path="eng/verify.ps1" />
  </Folder>
  <Folder Name="/gma/extensions/src/">
    <Project Path="gma/extensions/src/Gma.Extensions.Auth.Notifications/Gma.Extensions.Auth.Notifications.csproj" />
    <Project Path="gma/extensions/src/Gma.Extensions.Auth.Organizations/Gma.Extensions.Auth.Organizations.csproj" />
    <Project Path="gma/extensions/src/Gma.Extensions.Organizations.Tenancy/Gma.Extensions.Organizations.Tenancy.csproj" />
  </Folder>
  <Folder Name="/gma/extensions/tests/">
    <Project Path="gma/extensions/tests/Gma.Extensions.Auth.Notifications.Tests/Gma.Extensions.Auth.Notifications.Tests.csproj" />
    <Project Path="gma/extensions/tests/Gma.Extensions.Auth.Organizations.Tests/Gma.Extensions.Auth.Organizations.Tests.csproj" />
    <Project Path="gma/extensions/tests/Gma.Extensions.Organizations.Tenancy.Tests/Gma.Extensions.Organizations.Tenancy.Tests.csproj" />
  </Folder>
  <Folder Name="/gma/framework/src/Administration/">
    <Project Path="gma/framework/src/Administration/Gma.Framework.Administration.AccessControl/Gma.Framework.Administration.AccessControl.csproj" />
    <Project Path="gma/framework/src/Administration/Gma.Framework.Administration.Api/Gma.Framework.Administration.Api.csproj" />
    <Project Path="gma/framework/src/Administration/Gma.Framework.Administration.Cli/Gma.Framework.Administration.Cli.csproj" />
    <Project Path="gma/framework/src/Administration/Gma.Framework.Administration/Gma.Framework.Administration.csproj" />
  </Folder>
  <Folder Name="/gma/framework/src/Api/">
    <Project Path="gma/framework/src/Api/Gma.Framework.Api.OpenApi/Gma.Framework.Api.OpenApi.csproj" />
    <Project Path="gma/framework/src/Api/Gma.Framework.Api.Production.EntityFrameworkCore/Gma.Framework.Api.Production.EntityFrameworkCore.csproj" />
    <Project Path="gma/framework/src/Api/Gma.Framework.Api.Production/Gma.Framework.Api.Production.csproj" />
    <Project Path="gma/framework/src/Api/Gma.Framework.Api.Serilog/Gma.Framework.Api.Serilog.csproj" />
    <Project Path="gma/framework/src/Api/Gma.Framework.Api/Gma.Framework.Api.csproj" />
  </Folder>
  <Folder Name="/gma/framework/src/Application/">
    <Project Path="gma/framework/src/Application/Gma.Framework.Application.Composition/Gma.Framework.Application.Composition.csproj" />
    <Project Path="gma/framework/src/Application/Gma.Framework.Application.Events.Infrastructure/Gma.Framework.Application.Events.Infrastructure.csproj" />
    <Project Path="gma/framework/src/Application/Gma.Framework.Application.Events/Gma.Framework.Application.Events.csproj" />
  </Folder>
  <Folder Name="/gma/framework/src/Caching/">
    <Project Path="gma/framework/src/Caching/Gma.Framework.Caching.Cqrs/Gma.Framework.Caching.Cqrs.csproj" />
    <Project Path="gma/framework/src/Caching/Gma.Framework.Caching.Infrastructure/Gma.Framework.Caching.Infrastructure.csproj" />
    <Project Path="gma/framework/src/Caching/Gma.Framework.Caching.Redis/Gma.Framework.Caching.Redis.csproj" />
    <Project Path="gma/framework/src/Caching/Gma.Framework.Caching/Gma.Framework.Caching.csproj" />
  </Folder>
  <Folder Name="/gma/framework/src/Cqrs/">
    <Project Path="gma/framework/src/Cqrs/Gma.Framework.Cqrs.Infrastructure/Gma.Framework.Cqrs.Infrastructure.csproj" />
    <Project Path="gma/framework/src/Cqrs/Gma.Framework.Cqrs/Gma.Framework.Cqrs.csproj" />
  </Folder>
  <Folder Name="/gma/framework/src/Domain/">
    <Project Path="gma/framework/src/Domain/Gma.Framework.Domain/Gma.Framework.Domain.csproj" />
  </Folder>
  <Folder Name="/gma/framework/src/Email/">
    <Project Path="gma/framework/src/Email/Gma.Framework.Email/Gma.Framework.Email.csproj" />
  </Folder>
  <Folder Name="/gma/framework/src/FileManagement/">
    <Project Path="gma/framework/src/FileManagement/Gma.Framework.FileManagement.LocalStorage/Gma.Framework.FileManagement.LocalStorage.csproj" />
    <Project Path="gma/framework/src/FileManagement/Gma.Framework.FileManagement.Minio/Gma.Framework.FileManagement.Minio.csproj" />
    <Project Path="gma/framework/src/FileManagement/Gma.Framework.FileManagement/Gma.Framework.FileManagement.csproj" />
  </Folder>
  <Folder Name="/gma/framework/src/Infrastructure/">
    <Project Path="gma/framework/src/Infrastructure/Gma.Framework.Infrastructure/Gma.Framework.Infrastructure.csproj" />
  </Folder>
  <Folder Name="/gma/framework/src/Logging/">
    <Project Path="gma/framework/src/Logging/Gma.Framework.Logging.Serilog/Gma.Framework.Logging.Serilog.csproj" />
  </Folder>
  <Folder Name="/gma/framework/src/Messaging/">
    <Project Path="gma/framework/src/Messaging/Gma.Framework.Messaging.Infrastructure/Gma.Framework.Messaging.Infrastructure.csproj" />
    <Project Path="gma/framework/src/Messaging/Gma.Framework.Messaging.Nats.Aspire/Gma.Framework.Messaging.Nats.Aspire.csproj" />
    <Project Path="gma/framework/src/Messaging/Gma.Framework.Messaging.Nats/Gma.Framework.Messaging.Nats.csproj" />
    <Project Path="gma/framework/src/Messaging/Gma.Framework.Messaging/Gma.Framework.Messaging.csproj" />
  </Folder>
  <Folder Name="/gma/framework/src/Modules/">
    <Project Path="gma/framework/src/Modules/Gma.Framework.ModuleComposition/Gma.Framework.ModuleComposition.csproj" />
    <Project Path="gma/framework/src/Modules/Gma.Framework.Modules/Gma.Framework.Modules.csproj" />
  </Folder>
  <Folder Name="/gma/framework/src/Naming/">
    <Project Path="gma/framework/src/Naming/Gma.Framework.Naming/Gma.Framework.Naming.csproj" />
  </Folder>
  <Folder Name="/gma/framework/src/Notifications/">
    <Project Path="gma/framework/src/Notifications/Gma.Framework.Notifications.Api/Gma.Framework.Notifications.Api.csproj" />
    <Project Path="gma/framework/src/Notifications/Gma.Framework.Notifications.Cqrs/Gma.Framework.Notifications.Cqrs.csproj" />
    <Project Path="gma/framework/src/Notifications/Gma.Framework.Notifications.Infrastructure/Gma.Framework.Notifications.Infrastructure.csproj" />
    <Project Path="gma/framework/src/Notifications/Gma.Framework.Notifications.SignalR/Gma.Framework.Notifications.SignalR.csproj" />
    <Project Path="gma/framework/src/Notifications/Gma.Framework.Notifications/Gma.Framework.Notifications.csproj" />
  </Folder>
  <Folder Name="/gma/framework/src/Numerics/">
    <Project Path="gma/framework/src/Numerics/Gma.Framework.Numerics/Gma.Framework.Numerics.csproj" />
  </Folder>
  <Folder Name="/gma/framework/src/Observability/">
    <Project Path="gma/framework/src/Observability/Gma.Framework.Observability.Infrastructure/Gma.Framework.Observability.Infrastructure.csproj" />
    <Project Path="gma/framework/src/Observability/Gma.Framework.Observability/Gma.Framework.Observability.csproj" />
  </Folder>
  <Folder Name="/gma/framework/src/Pagination/">
    <Project Path="gma/framework/src/Pagination/Gma.Framework.Pagination/Gma.Framework.Pagination.csproj" />
  </Folder>
  <Folder Name="/gma/framework/src/Persistence/">
    <Project Path="gma/framework/src/Persistence/Gma.Framework.Persistence.EntityFrameworkCore/Gma.Framework.Persistence.EntityFrameworkCore.csproj" />
  </Folder>
  <Folder Name="/gma/framework/src/ProjectionRebuild/">
    <Project Path="gma/framework/src/ProjectionRebuild/Gma.Framework.ProjectionRebuild.EntityFrameworkCore/Gma.Framework.ProjectionRebuild.EntityFrameworkCore.csproj" />
    <Project Path="gma/framework/src/ProjectionRebuild/Gma.Framework.ProjectionRebuild.Tasks/Gma.Framework.ProjectionRebuild.Tasks.csproj" />
    <Project Path="gma/framework/src/ProjectionRebuild/Gma.Framework.ProjectionRebuild/Gma.Framework.ProjectionRebuild.csproj" />
  </Folder>
  <Folder Name="/gma/framework/src/Realtime/">
    <Project Path="gma/framework/src/Realtime/Gma.Framework.Realtime.Infrastructure/Gma.Framework.Realtime.Infrastructure.csproj" />
    <Project Path="gma/framework/src/Realtime/Gma.Framework.Realtime.Notifications/Gma.Framework.Realtime.Notifications.csproj" />
    <Project Path="gma/framework/src/Realtime/Gma.Framework.Realtime/Gma.Framework.Realtime.csproj" />
  </Folder>
  <Folder Name="/gma/framework/src/Results/">
    <Project Path="gma/framework/src/Results/Gma.Framework.Results/Gma.Framework.Results.csproj" />
  </Folder>
  <Folder Name="/gma/framework/src/Runtime/">
    <Project Path="gma/framework/src/Runtime/Gma.Framework.Runtime.Infrastructure/Gma.Framework.Runtime.Infrastructure.csproj" />
    <Project Path="gma/framework/src/Runtime/Gma.Framework.Runtime/Gma.Framework.Runtime.csproj" />
  </Folder>
  <Folder Name="/gma/framework/src/Scoping/">
    <Project Path="gma/framework/src/Scoping/Gma.Framework.Scoping.Infrastructure/Gma.Framework.Scoping.Infrastructure.csproj" />
    <Project Path="gma/framework/src/Scoping/Gma.Framework.Scoping/Gma.Framework.Scoping.csproj" />
  </Folder>
  <Folder Name="/gma/framework/src/Security/">
    <Project Path="gma/framework/src/Security/Gma.Framework.AccessControl.AspNetCore/Gma.Framework.AccessControl.AspNetCore.csproj" />
    <Project Path="gma/framework/src/Security/Gma.Framework.AccessControl/Gma.Framework.AccessControl.csproj" />
    <Project Path="gma/framework/src/Security/Gma.Framework.Permissions/Gma.Framework.Permissions.csproj" />
    <Project Path="gma/framework/src/Security/Gma.Framework.Security.AspNetCore/Gma.Framework.Security.AspNetCore.csproj" />
    <Project Path="gma/framework/src/Security/Gma.Framework.Security/Gma.Framework.Security.csproj" />
  </Folder>
  <Folder Name="/gma/framework/src/Tasks/">
    <Project Path="gma/framework/src/Tasks/Gma.Framework.Tasks.Cqrs/Gma.Framework.Tasks.Cqrs.csproj" />
    <Project Path="gma/framework/src/Tasks/Gma.Framework.Tasks.Infrastructure/Gma.Framework.Tasks.Infrastructure.csproj" />
    <Project Path="gma/framework/src/Tasks/Gma.Framework.Tasks/Gma.Framework.Tasks.csproj" />
  </Folder>
  <Folder Name="/gma/framework/src/Tenancy/">
    <Project Path="gma/framework/src/Tenancy/Gma.Framework.Tenancy.AccessControl.AspNetCore/Gma.Framework.Tenancy.AccessControl.AspNetCore.csproj" />
    <Project Path="gma/framework/src/Tenancy/Gma.Framework.Tenancy.Api.Serilog/Gma.Framework.Tenancy.Api.Serilog.csproj" />
    <Project Path="gma/framework/src/Tenancy/Gma.Framework.Tenancy.Caching/Gma.Framework.Tenancy.Caching.csproj" />
    <Project Path="gma/framework/src/Tenancy/Gma.Framework.Tenancy.Cqrs/Gma.Framework.Tenancy.Cqrs.csproj" />
    <Project Path="gma/framework/src/Tenancy/Gma.Framework.Tenancy.Infrastructure/Gma.Framework.Tenancy.Infrastructure.csproj" />
    <Project Path="gma/framework/src/Tenancy/Gma.Framework.Tenancy.Messaging.Infrastructure/Gma.Framework.Tenancy.Messaging.Infrastructure.csproj" />
    <Project Path="gma/framework/src/Tenancy/Gma.Framework.Tenancy.Messaging/Gma.Framework.Tenancy.Messaging.csproj" />
    <Project Path="gma/framework/src/Tenancy/Gma.Framework.Tenancy.Scoping/Gma.Framework.Tenancy.Scoping.csproj" />
    <Project Path="gma/framework/src/Tenancy/Gma.Framework.Tenancy.Tasks/Gma.Framework.Tenancy.Tasks.csproj" />
    <Project Path="gma/framework/src/Tenancy/Gma.Framework.Tenancy/Gma.Framework.Tenancy.csproj" />
  </Folder>
  <Folder Name="/gma/framework/tests/">
    <Project Path="gma/framework/tests/Gma.Framework.Tests/Gma.Framework.Tests.csproj" />
  </Folder>
  <Folder Name="/gma/modules/access-control/src/Admin/">
    <Project Path="gma/modules/access-control/src/Gma.Modules.AccessControl.Admin.Contracts/Gma.Modules.AccessControl.Admin.Contracts.csproj" />
    <Project Path="gma/modules/access-control/src/Gma.Modules.AccessControl.AdminApi/Gma.Modules.AccessControl.AdminApi.csproj" />
    <Project Path="gma/modules/access-control/src/Gma.Modules.AccessControl.AdminCli/Gma.Modules.AccessControl.AdminCli.csproj" />
  </Folder>
  <Folder Name="/gma/modules/access-control/src/Application/">
    <Project Path="gma/modules/access-control/src/Gma.Modules.AccessControl.Application/Gma.Modules.AccessControl.Application.csproj" />
  </Folder>
  <Folder Name="/gma/modules/access-control/src/Contracts/">
    <Project Path="gma/modules/access-control/src/Gma.Modules.AccessControl.Contracts/Gma.Modules.AccessControl.Contracts.csproj" />
  </Folder>
  <Folder Name="/gma/modules/access-control/src/Persistence/">
    <Project Path="gma/modules/access-control/src/Gma.Modules.AccessControl.Persistence.PostgreSqlMigrations/Gma.Modules.AccessControl.Persistence.PostgreSqlMigrations.csproj" />
    <Project Path="gma/modules/access-control/src/Gma.Modules.AccessControl.Persistence.SqlServerMigrations/Gma.Modules.AccessControl.Persistence.SqlServerMigrations.csproj" />
    <Project Path="gma/modules/access-control/src/Gma.Modules.AccessControl.Persistence/Gma.Modules.AccessControl.Persistence.csproj" />
  </Folder>
  <Folder Name="/gma/modules/access-control/tests/">
    <Project Path="gma/modules/access-control/tests/Gma.Modules.AccessControl.Tests/Gma.Modules.AccessControl.Tests.csproj" />
  </Folder>
  <Folder Name="/gma/modules/administration/src/Admin/">
    <Project Path="gma/modules/administration/src/Gma.Modules.Administration.AdminApi/Gma.Modules.Administration.AdminApi.csproj" />
    <Project Path="gma/modules/administration/src/Gma.Modules.Administration.AdminCli/Gma.Modules.Administration.AdminCli.csproj" />
  </Folder>
  <Folder Name="/gma/modules/administration/src/Application/">
    <Project Path="gma/modules/administration/src/Gma.Modules.Administration.Application/Gma.Modules.Administration.Application.csproj" />
  </Folder>
  <Folder Name="/gma/modules/administration/src/Contracts/">
    <Project Path="gma/modules/administration/src/Gma.Modules.Administration.Contracts/Gma.Modules.Administration.Contracts.csproj" />
  </Folder>
  <Folder Name="/gma/modules/administration/src/Persistence/">
    <Project Path="gma/modules/administration/src/Gma.Modules.Administration.Persistence.PostgreSqlMigrations/Gma.Modules.Administration.Persistence.PostgreSqlMigrations.csproj" />
    <Project Path="gma/modules/administration/src/Gma.Modules.Administration.Persistence.SqlServerMigrations/Gma.Modules.Administration.Persistence.SqlServerMigrations.csproj" />
    <Project Path="gma/modules/administration/src/Gma.Modules.Administration.Persistence/Gma.Modules.Administration.Persistence.csproj" />
  </Folder>
  <Folder Name="/gma/modules/administration/tests/">
    <Project Path="gma/modules/administration/tests/Gma.Modules.Administration.Tests/Gma.Modules.Administration.Tests.csproj" />
  </Folder>
  <Folder Name="/gma/modules/auth/src/Admin/">
    <Project Path="gma/modules/auth/src/Gma.Modules.Auth.Admin.Contracts/Gma.Modules.Auth.Admin.Contracts.csproj" />
    <Project Path="gma/modules/auth/src/Gma.Modules.Auth.AdminApi/Gma.Modules.Auth.AdminApi.csproj" />
    <Project Path="gma/modules/auth/src/Gma.Modules.Auth.AdminCli/Gma.Modules.Auth.AdminCli.csproj" />
  </Folder>
  <Folder Name="/gma/modules/auth/src/Api/">
    <Project Path="gma/modules/auth/src/Gma.Modules.Auth.Api/Gma.Modules.Auth.Api.csproj" />
  </Folder>
  <Folder Name="/gma/modules/auth/src/Application/">
    <Project Path="gma/modules/auth/src/Gma.Modules.Auth.Application/Gma.Modules.Auth.Application.csproj" />
  </Folder>
  <Folder Name="/gma/modules/auth/src/Contracts/">
    <Project Path="gma/modules/auth/src/Gma.Modules.Auth.Contracts/Gma.Modules.Auth.Contracts.csproj" />
  </Folder>
  <Folder Name="/gma/modules/auth/src/Domain/">
    <Project Path="gma/modules/auth/src/Gma.Modules.Auth.Domain/Gma.Modules.Auth.Domain.csproj" />
  </Folder>
  <Folder Name="/gma/modules/auth/src/Infrastructure/">
    <Project Path="gma/modules/auth/src/Gma.Modules.Auth.Infrastructure.JwtBearer/Gma.Modules.Auth.Infrastructure.JwtBearer.csproj" />
    <Project Path="gma/modules/auth/src/Gma.Modules.Auth.Infrastructure/Gma.Modules.Auth.Infrastructure.csproj" />
  </Folder>
  <Folder Name="/gma/modules/auth/src/OpenIdConnect/">
    <Project Path="gma/modules/auth/src/Gma.Modules.Auth.Providers.OpenIdConnect/Gma.Modules.Auth.Providers.OpenIdConnect.csproj" />
  </Folder>
  <Folder Name="/gma/modules/auth/src/Persistence/">
    <Project Path="gma/modules/auth/src/Gma.Modules.Auth.Persistence.PostgreSqlMigrations/Gma.Modules.Auth.Persistence.PostgreSqlMigrations.csproj" />
    <Project Path="gma/modules/auth/src/Gma.Modules.Auth.Persistence.SqlServerMigrations/Gma.Modules.Auth.Persistence.SqlServerMigrations.csproj" />
    <Project Path="gma/modules/auth/src/Gma.Modules.Auth.Persistence/Gma.Modules.Auth.Persistence.csproj" />
  </Folder>
  <Folder Name="/gma/modules/auth/tests/">
    <Project Path="gma/modules/auth/tests/Gma.Modules.Auth.Tests/Gma.Modules.Auth.Tests.csproj" />
  </Folder>
  <Folder Name="/gma/modules/files/src/Api/">
    <Project Path="gma/modules/files/src/Gma.Modules.Files.Api/Gma.Modules.Files.Api.csproj" />
  </Folder>
  <Folder Name="/gma/modules/files/src/Application/">
    <Project Path="gma/modules/files/src/Gma.Modules.Files.Application/Gma.Modules.Files.Application.csproj" />
  </Folder>
  <Folder Name="/gma/modules/files/src/Contracts/">
    <Project Path="gma/modules/files/src/Gma.Modules.Files.Contracts/Gma.Modules.Files.Contracts.csproj" />
  </Folder>
  <Folder Name="/gma/modules/notifications/src/Admin/">
    <Project Path="gma/modules/notifications/src/Gma.Modules.Notifications.Admin.Contracts/Gma.Modules.Notifications.Admin.Contracts.csproj" />
    <Project Path="gma/modules/notifications/src/Gma.Modules.Notifications.AdminApi/Gma.Modules.Notifications.AdminApi.csproj" />
  </Folder>
  <Folder Name="/gma/modules/notifications/src/Api/">
    <Project Path="gma/modules/notifications/src/Gma.Modules.Notifications.Api/Gma.Modules.Notifications.Api.csproj" />
  </Folder>
  <Folder Name="/gma/modules/notifications/src/Application/">
    <Project Path="gma/modules/notifications/src/Gma.Modules.Notifications.Application/Gma.Modules.Notifications.Application.csproj" />
  </Folder>
  <Folder Name="/gma/modules/notifications/src/Contracts/">
    <Project Path="gma/modules/notifications/src/Gma.Modules.Notifications.Contracts/Gma.Modules.Notifications.Contracts.csproj" />
  </Folder>
  <Folder Name="/gma/modules/notifications/src/Domain/">
    <Project Path="gma/modules/notifications/src/Gma.Modules.Notifications.Domain/Gma.Modules.Notifications.Domain.csproj" />
  </Folder>
  <Folder Name="/gma/modules/notifications/src/Email/">
    <Project Path="gma/modules/notifications/src/Gma.Modules.Notifications.Adapters.Email/Gma.Modules.Notifications.Adapters.Email.csproj" />
  </Folder>
  <Folder Name="/gma/modules/notifications/src/Persistence/">
    <Project Path="gma/modules/notifications/src/Gma.Modules.Notifications.Persistence.PostgreSqlMigrations/Gma.Modules.Notifications.Persistence.PostgreSqlMigrations.csproj" />
    <Project Path="gma/modules/notifications/src/Gma.Modules.Notifications.Persistence.SqlServerMigrations/Gma.Modules.Notifications.Persistence.SqlServerMigrations.csproj" />
    <Project Path="gma/modules/notifications/src/Gma.Modules.Notifications.Persistence/Gma.Modules.Notifications.Persistence.csproj" />
  </Folder>
  <Folder Name="/gma/modules/notifications/tests/">
    <Project Path="gma/modules/notifications/tests/Gma.Modules.Notifications.Tests/Gma.Modules.Notifications.Tests.csproj" />
  </Folder>
  <Folder Name="/gma/modules/organizations/src/Admin/">
    <Project Path="gma/modules/organizations/src/Gma.Modules.Organizations.Admin.Contracts/Gma.Modules.Organizations.Admin.Contracts.csproj" />
    <Project Path="gma/modules/organizations/src/Gma.Modules.Organizations.AdminApi/Gma.Modules.Organizations.AdminApi.csproj" />
    <Project Path="gma/modules/organizations/src/Gma.Modules.Organizations.AdminCli/Gma.Modules.Organizations.AdminCli.csproj" />
  </Folder>
  <Folder Name="/gma/modules/organizations/src/Api/">
    <Project Path="gma/modules/organizations/src/Gma.Modules.Organizations.Api/Gma.Modules.Organizations.Api.csproj" />
  </Folder>
  <Folder Name="/gma/modules/organizations/src/Application/">
    <Project Path="gma/modules/organizations/src/Gma.Modules.Organizations.Application/Gma.Modules.Organizations.Application.csproj" />
  </Folder>
  <Folder Name="/gma/modules/organizations/src/Contracts/">
    <Project Path="gma/modules/organizations/src/Gma.Modules.Organizations.Contracts/Gma.Modules.Organizations.Contracts.csproj" />
  </Folder>
  <Folder Name="/gma/modules/organizations/src/Domain/">
    <Project Path="gma/modules/organizations/src/Gma.Modules.Organizations.Domain/Gma.Modules.Organizations.Domain.csproj" />
  </Folder>
  <Folder Name="/gma/modules/organizations/src/Persistence/">
    <Project Path="gma/modules/organizations/src/Gma.Modules.Organizations.Persistence.PostgreSqlMigrations/Gma.Modules.Organizations.Persistence.PostgreSqlMigrations.csproj" />
    <Project Path="gma/modules/organizations/src/Gma.Modules.Organizations.Persistence.SqlServerMigrations/Gma.Modules.Organizations.Persistence.SqlServerMigrations.csproj" />
    <Project Path="gma/modules/organizations/src/Gma.Modules.Organizations.Persistence/Gma.Modules.Organizations.Persistence.csproj" />
  </Folder>
  <Folder Name="/gma/modules/organizations/tests/">
    <Project Path="gma/modules/organizations/tests/Gma.Modules.Organizations.IntegrationTests/Gma.Modules.Organizations.IntegrationTests.csproj" />
    <Project Path="gma/modules/organizations/tests/Gma.Modules.Organizations.Tests/Gma.Modules.Organizations.Tests.csproj" />
  </Folder>
  <Folder Name="/gma/modules/task-runtime/src/Admin/">
    <Project Path="gma/modules/task-runtime/src/Gma.Modules.TaskRuntime.Admin.Contracts/Gma.Modules.TaskRuntime.Admin.Contracts.csproj" />
    <Project Path="gma/modules/task-runtime/src/Gma.Modules.TaskRuntime.AdminApi/Gma.Modules.TaskRuntime.AdminApi.csproj" />
    <Project Path="gma/modules/task-runtime/src/Gma.Modules.TaskRuntime.AdminCli/Gma.Modules.TaskRuntime.AdminCli.csproj" />
  </Folder>
  <Folder Name="/gma/modules/task-runtime/src/Application/">
    <Project Path="gma/modules/task-runtime/src/Gma.Modules.TaskRuntime.Application/Gma.Modules.TaskRuntime.Application.csproj" />
  </Folder>
  <Folder Name="/gma/modules/task-runtime/src/Contracts/">
    <Project Path="gma/modules/task-runtime/src/Gma.Modules.TaskRuntime.Contracts/Gma.Modules.TaskRuntime.Contracts.csproj" />
  </Folder>
  <Folder Name="/gma/modules/task-runtime/src/Persistence/">
    <Project Path="gma/modules/task-runtime/src/Gma.Modules.TaskRuntime.Persistence.PostgreSqlMigrations/Gma.Modules.TaskRuntime.Persistence.PostgreSqlMigrations.csproj" />
    <Project Path="gma/modules/task-runtime/src/Gma.Modules.TaskRuntime.Persistence.SqlServerMigrations/Gma.Modules.TaskRuntime.Persistence.SqlServerMigrations.csproj" />
    <Project Path="gma/modules/task-runtime/src/Gma.Modules.TaskRuntime.Persistence/Gma.Modules.TaskRuntime.Persistence.csproj" />
  </Folder>
  <Folder Name="/gma/modules/tenancy/src/Api/">
    <Project Path="gma/modules/tenancy/src/Gma.Modules.Tenancy.Api/Gma.Modules.Tenancy.Api.csproj" />
  </Folder>
  <Folder Name="/gma/modules/tenancy/src/Contracts/">
    <Project Path="gma/modules/tenancy/src/Gma.Modules.Tenancy.Contracts/Gma.Modules.Tenancy.Contracts.csproj" />
  </Folder>
  <Folder Name="/requests/">
    <File Path="requests/admin-api.http" />
    <File Path="requests/auth.http" />
  </Folder>
  <Folder Name="/src/">
    <Project Path="src/BunkFy.AdapterHost/BunkFy.AdapterHost.csproj" />
  </Folder>
  <Folder Name="/src/Adapters/">
    <Project Path="src/Adapters/BunkFy.Adapters.Configuration/BunkFy.Adapters.Configuration.csproj" />
    <Project Path="src/Adapters/BunkFy.Adapters.FakeHttp/BunkFy.Adapters.FakeHttp.csproj" />
    <Project Path="src/Adapters/BunkFy.Adapters.Http/BunkFy.Adapters.Http.csproj" />
    <Project Path="src/Adapters/BunkFy.Adapters.ImapReservationMail/BunkFy.Adapters.ImapReservationMail.csproj" />
    <Project Path="src/Adapters/BunkFy.Adapters.JsonFileDrop/BunkFy.Adapters.JsonFileDrop.csproj" />
    <Project Path="src/Adapters/BunkFy.Parsers.ReservationMail/BunkFy.Parsers.ReservationMail.csproj" />
  </Folder>
  <Folder Name="/src/Adapters/docs/">
    <File Path="src/Adapters/docs/README.md" />
  </Folder>
  <Folder Name="/src/Adapters/tests/">
    <Project Path="src/Adapters/tests/BunkFy.Adapters.Tests/BunkFy.Adapters.Tests.csproj" />
  </Folder>
  <Folder Name="/src/Extensions/">
    <Project Path="src/Extensions/BunkFy.Extensions.Operations.Notifications/BunkFy.Extensions.Operations.Notifications.csproj" />
    <Project Path="src/Extensions/BunkFy.Extensions.Workspaces/BunkFy.Extensions.Workspaces.csproj" />
  </Folder>
  <Folder Name="/src/Extensions/tests/">
    <Project Path="src/Extensions/tests/BunkFy.Extensions.Operations.Notifications.Tests/BunkFy.Extensions.Operations.Notifications.Tests.csproj" />
    <Project Path="src/Extensions/tests/BunkFy.Extensions.Workspaces.Tests/BunkFy.Extensions.Workspaces.Tests.csproj" />
  </Folder>
  <Folder Name="/src/Hosts/">
    <Project Path="src/BunkFy.Host.AdminApi/BunkFy.Host.AdminApi.csproj" />
    <Project Path="src/BunkFy.Host.AdminCli/BunkFy.Host.AdminCli.csproj" />
    <Project Path="src/BunkFy.Host.Api/BunkFy.Host.Api.csproj" />
    <Project Path="src/BunkFy.Host.AppHost/BunkFy.Host.AppHost.csproj" />
    <Project Path="src/BunkFy.Host.Migrations/BunkFy.Host.Migrations.csproj" />
    <Project Path="src/BunkFy.Host.ServiceDefaults/BunkFy.Host.ServiceDefaults.csproj" />
    <Project Path="src/BunkFy.Host.Worker/BunkFy.Host.Worker.csproj" />
  </Folder>
  <Folder Name="/src/Modules/Guests/docs/">
    <File Path="src/Modules/Guests/docs/README.md" />
  </Folder>
  <Folder Name="/src/Modules/Guests/src/Admin/">
    <Project Path="src/Modules/Guests/BunkFy.Modules.Guests.Admin.Contracts/BunkFy.Modules.Guests.Admin.Contracts.csproj" />
    <Project Path="src/Modules/Guests/BunkFy.Modules.Guests.AdminApi/BunkFy.Modules.Guests.AdminApi.csproj" />
    <Project Path="src/Modules/Guests/BunkFy.Modules.Guests.AdminCli/BunkFy.Modules.Guests.AdminCli.csproj" />
  </Folder>
  <Folder Name="/src/Modules/Guests/src/Api/">
    <Project Path="src/Modules/Guests/BunkFy.Modules.Guests.Api/BunkFy.Modules.Guests.Api.csproj" />
  </Folder>
  <Folder Name="/src/Modules/Guests/src/Application/">
    <Project Path="src/Modules/Guests/BunkFy.Modules.Guests.Application/BunkFy.Modules.Guests.Application.csproj" />
  </Folder>
  <Folder Name="/src/Modules/Guests/src/Contracts/">
    <Project Path="src/Modules/Guests/BunkFy.Modules.Guests.Contracts/BunkFy.Modules.Guests.Contracts.csproj" />
  </Folder>
  <Folder Name="/src/Modules/Guests/src/Domain/">
    <Project Path="src/Modules/Guests/BunkFy.Modules.Guests.Domain/BunkFy.Modules.Guests.Domain.csproj" />
  </Folder>
  <Folder Name="/src/Modules/Guests/src/Persistence/">
    <Project Path="src/Modules/Guests/BunkFy.Modules.Guests.Persistence.PostgreSqlMigrations/BunkFy.Modules.Guests.Persistence.PostgreSqlMigrations.csproj" />
    <Project Path="src/Modules/Guests/BunkFy.Modules.Guests.Persistence/BunkFy.Modules.Guests.Persistence.csproj" />
  </Folder>
  <Folder Name="/src/Modules/Guests/tests/">
    <Project Path="src/Modules/Guests/tests/BunkFy.Modules.Guests.Tests/BunkFy.Modules.Guests.Tests.csproj" />
  </Folder>
  <Folder Name="/src/Modules/Ingestion/docs/">
    <File Path="src/Modules/Ingestion/docs/README.md" />
  </Folder>
  <Folder Name="/src/Modules/Ingestion/src/Admin/">
    <Project Path="src/Modules/Ingestion/BunkFy.Modules.Ingestion.Admin.Contracts/BunkFy.Modules.Ingestion.Admin.Contracts.csproj" />
    <Project Path="src/Modules/Ingestion/BunkFy.Modules.Ingestion.AdminApi/BunkFy.Modules.Ingestion.AdminApi.csproj" />
    <Project Path="src/Modules/Ingestion/BunkFy.Modules.Ingestion.AdminCli/BunkFy.Modules.Ingestion.AdminCli.csproj" />
  </Folder>
  <Folder Name="/src/Modules/Ingestion/src/Api/">
    <Project Path="src/Modules/Ingestion/BunkFy.Modules.Ingestion.Api/BunkFy.Modules.Ingestion.Api.csproj" />
  </Folder>
  <Folder Name="/src/Modules/Ingestion/src/Application/">
    <Project Path="src/Modules/Ingestion/BunkFy.Modules.Ingestion.Application/BunkFy.Modules.Ingestion.Application.csproj" />
  </Folder>
  <Folder Name="/src/Modules/Ingestion/src/Contracts/">
    <Project Path="src/Modules/Ingestion/BunkFy.Modules.Ingestion.Contracts/BunkFy.Modules.Ingestion.Contracts.csproj" />
  </Folder>
  <Folder Name="/src/Modules/Ingestion/src/Domain/">
    <Project Path="src/Modules/Ingestion/BunkFy.Modules.Ingestion.Domain/BunkFy.Modules.Ingestion.Domain.csproj" />
  </Folder>
  <Folder Name="/src/Modules/Ingestion/src/Persistence/">
    <Project Path="src/Modules/Ingestion/BunkFy.Modules.Ingestion.Persistence.PostgreSqlMigrations/BunkFy.Modules.Ingestion.Persistence.PostgreSqlMigrations.csproj" />
    <Project Path="src/Modules/Ingestion/BunkFy.Modules.Ingestion.Persistence/BunkFy.Modules.Ingestion.Persistence.csproj" />
  </Folder>
  <Folder Name="/src/Modules/Ingestion/tests/">
    <Project Path="src/Modules/Ingestion/tests/BunkFy.Modules.Ingestion.Tests/BunkFy.Modules.Ingestion.Tests.csproj" />
  </Folder>
  <Folder Name="/src/Modules/Inventory/docs/">
    <File Path="src/Modules/Inventory/docs/README.md" />
  </Folder>
  <Folder Name="/src/Modules/Inventory/src/Admin/">
    <Project Path="src/Modules/Inventory/BunkFy.Modules.Inventory.Admin.Contracts/BunkFy.Modules.Inventory.Admin.Contracts.csproj" />
    <Project Path="src/Modules/Inventory/BunkFy.Modules.Inventory.AdminApi/BunkFy.Modules.Inventory.AdminApi.csproj" />
    <Project Path="src/Modules/Inventory/BunkFy.Modules.Inventory.AdminCli/BunkFy.Modules.Inventory.AdminCli.csproj" />
  </Folder>
  <Folder Name="/src/Modules/Inventory/src/Api/">
    <Project Path="src/Modules/Inventory/BunkFy.Modules.Inventory.Api/BunkFy.Modules.Inventory.Api.csproj" />
  </Folder>
  <Folder Name="/src/Modules/Inventory/src/Application/">
    <Project Path="src/Modules/Inventory/BunkFy.Modules.Inventory.Application/BunkFy.Modules.Inventory.Application.csproj" />
  </Folder>
  <Folder Name="/src/Modules/Inventory/src/Contracts/">
    <Project Path="src/Modules/Inventory/BunkFy.Modules.Inventory.Contracts/BunkFy.Modules.Inventory.Contracts.csproj" />
  </Folder>
  <Folder Name="/src/Modules/Inventory/src/Domain/">
    <Project Path="src/Modules/Inventory/BunkFy.Modules.Inventory.Domain/BunkFy.Modules.Inventory.Domain.csproj" />
  </Folder>
  <Folder Name="/src/Modules/Inventory/src/Persistence/">
    <Project Path="src/Modules/Inventory/BunkFy.Modules.Inventory.Persistence.PostgreSqlMigrations/BunkFy.Modules.Inventory.Persistence.PostgreSqlMigrations.csproj" />
    <Project Path="src/Modules/Inventory/BunkFy.Modules.Inventory.Persistence/BunkFy.Modules.Inventory.Persistence.csproj" />
  </Folder>
  <Folder Name="/src/Modules/Inventory/tests/">
    <Project Path="src/Modules/Inventory/tests/BunkFy.Modules.Inventory.Tests/BunkFy.Modules.Inventory.Tests.csproj" />
  </Folder>
  <Folder Name="/src/Modules/Properties/src/Admin/">
    <Project Path="src/Modules/Properties/BunkFy.Modules.Properties.Admin.Contracts/BunkFy.Modules.Properties.Admin.Contracts.csproj" />
    <Project Path="src/Modules/Properties/BunkFy.Modules.Properties.AdminApi/BunkFy.Modules.Properties.AdminApi.csproj" />
    <Project Path="src/Modules/Properties/BunkFy.Modules.Properties.AdminCli/BunkFy.Modules.Properties.AdminCli.csproj" />
  </Folder>
  <Folder Name="/src/Modules/Properties/src/Api/">
    <Project Path="src/Modules/Properties/BunkFy.Modules.Properties.Api/BunkFy.Modules.Properties.Api.csproj" />
  </Folder>
  <Folder Name="/src/Modules/Properties/src/Application/">
    <Project Path="src/Modules/Properties/BunkFy.Modules.Properties.Application/BunkFy.Modules.Properties.Application.csproj" />
  </Folder>
  <Folder Name="/src/Modules/Properties/src/Contracts/">
    <Project Path="src/Modules/Properties/BunkFy.Modules.Properties.Contracts/BunkFy.Modules.Properties.Contracts.csproj" />
  </Folder>
  <Folder Name="/src/Modules/Properties/src/Domain/">
    <Project Path="src/Modules/Properties/BunkFy.Modules.Properties.Domain/BunkFy.Modules.Properties.Domain.csproj" />
  </Folder>
  <Folder Name="/src/Modules/Properties/src/Persistence/">
    <Project Path="src/Modules/Properties/BunkFy.Modules.Properties.Persistence.PostgreSqlMigrations/BunkFy.Modules.Properties.Persistence.PostgreSqlMigrations.csproj" />
    <Project Path="src/Modules/Properties/BunkFy.Modules.Properties.Persistence/BunkFy.Modules.Properties.Persistence.csproj" />
  </Folder>
  <Folder Name="/src/Modules/Properties/tests/">
    <Project Path="src/Modules/Properties/tests/BunkFy.Modules.Properties.Tests/BunkFy.Modules.Properties.Tests.csproj" />
  </Folder>
  <Folder Name="/src/Modules/Reservations/docs/">
    <File Path="src/Modules/Reservations/docs/README.md" />
  </Folder>
  <Folder Name="/src/Modules/Reservations/src/Admin/">
    <Project Path="src/Modules/Reservations/BunkFy.Modules.Reservations.Admin.Contracts/BunkFy.Modules.Reservations.Admin.Contracts.csproj" />
    <Project Path="src/Modules/Reservations/BunkFy.Modules.Reservations.AdminApi/BunkFy.Modules.Reservations.AdminApi.csproj" />
    <Project Path="src/Modules/Reservations/BunkFy.Modules.Reservations.AdminCli/BunkFy.Modules.Reservations.AdminCli.csproj" />
  </Folder>
  <Folder Name="/src/Modules/Reservations/src/Api/">
    <Project Path="src/Modules/Reservations/BunkFy.Modules.Reservations.Api/BunkFy.Modules.Reservations.Api.csproj" />
  </Folder>
  <Folder Name="/src/Modules/Reservations/src/Application/">
    <Project Path="src/Modules/Reservations/BunkFy.Modules.Reservations.Application/BunkFy.Modules.Reservations.Application.csproj" />
  </Folder>
  <Folder Name="/src/Modules/Reservations/src/Contracts/">
    <Project Path="src/Modules/Reservations/BunkFy.Modules.Reservations.Contracts/BunkFy.Modules.Reservations.Contracts.csproj" />
  </Folder>
  <Folder Name="/src/Modules/Reservations/src/Domain/">
    <Project Path="src/Modules/Reservations/BunkFy.Modules.Reservations.Domain/BunkFy.Modules.Reservations.Domain.csproj" />
  </Folder>
  <Folder Name="/src/Modules/Reservations/src/Persistence/">
    <Project Path="src/Modules/Reservations/BunkFy.Modules.Reservations.Persistence.PostgreSqlMigrations/BunkFy.Modules.Reservations.Persistence.PostgreSqlMigrations.csproj" />
    <Project Path="src/Modules/Reservations/BunkFy.Modules.Reservations.Persistence/BunkFy.Modules.Reservations.Persistence.csproj" />
  </Folder>
  <Folder Name="/src/Modules/Reservations/tests/">
    <Project Path="src/Modules/Reservations/tests/BunkFy.Modules.Reservations.Tests/BunkFy.Modules.Reservations.Tests.csproj" />
  </Folder>
  <Folder Name="/src/Modules/Staff/docs/">
    <File Path="src/Modules/Staff/docs/README.md" />
  </Folder>
  <Folder Name="/src/Modules/Staff/src/Admin/">
    <Project Path="src/Modules/Staff/BunkFy.Modules.Staff.Admin.Contracts/BunkFy.Modules.Staff.Admin.Contracts.csproj" />
    <Project Path="src/Modules/Staff/BunkFy.Modules.Staff.AdminApi/BunkFy.Modules.Staff.AdminApi.csproj" />
    <Project Path="src/Modules/Staff/BunkFy.Modules.Staff.AdminCli/BunkFy.Modules.Staff.AdminCli.csproj" />
  </Folder>
  <Folder Name="/src/Modules/Staff/src/Api/">
    <Project Path="src/Modules/Staff/BunkFy.Modules.Staff.Api/BunkFy.Modules.Staff.Api.csproj" />
  </Folder>
  <Folder Name="/src/Modules/Staff/src/Application/">
    <Project Path="src/Modules/Staff/BunkFy.Modules.Staff.Application/BunkFy.Modules.Staff.Application.csproj" />
  </Folder>
  <Folder Name="/src/Modules/Staff/src/Contracts/">
    <Project Path="src/Modules/Staff/BunkFy.Modules.Staff.Contracts/BunkFy.Modules.Staff.Contracts.csproj" />
  </Folder>
  <Folder Name="/src/Modules/Staff/src/Domain/">
    <Project Path="src/Modules/Staff/BunkFy.Modules.Staff.Domain/BunkFy.Modules.Staff.Domain.csproj" />
  </Folder>
  <Folder Name="/src/Modules/Staff/src/Persistence/">
    <Project Path="src/Modules/Staff/BunkFy.Modules.Staff.Persistence.PostgreSqlMigrations/BunkFy.Modules.Staff.Persistence.PostgreSqlMigrations.csproj" />
    <Project Path="src/Modules/Staff/BunkFy.Modules.Staff.Persistence/BunkFy.Modules.Staff.Persistence.csproj" />
  </Folder>
  <Folder Name="/src/Modules/Staff/tests/">
    <Project Path="src/Modules/Staff/tests/BunkFy.Modules.Staff.Tests/BunkFy.Modules.Staff.Tests.csproj" />
  </Folder>
  <Folder Name="/src/Shared/">
    <Project Path="src/Shared/BunkFy.Adapter.Abstractions/BunkFy.Adapter.Abstractions.csproj" />
    <Project Path="src/Shared/BunkFy.Adapter.Abstractions/tests/BunkFy.Adapter.Abstractions.Tests/BunkFy.Adapter.Abstractions.Tests.csproj" />
    <Project Path="src/Shared/BunkFy.Adapter.Runtime/BunkFy.Adapter.Runtime.csproj" />
    <Project Path="src/Shared/BunkFy.AppHost.Composition/BunkFy.AppHost.Composition.csproj" />
    <Project Path="src/Shared/BunkFy.Ingestion.Parsing.Abstractions/BunkFy.Ingestion.Parsing.Abstractions.csproj" />
  </Folder>
  <Folder Name="/tests/">
    <Project Path="tests/Architecture.Tests/Architecture.Tests.csproj" />
    <Project Path="tests/BunkFy.Host.ServiceDefaults.Tests/BunkFy.Host.ServiceDefaults.Tests.csproj" />
    <Project Path="tests/Integration.Tests/Integration.Tests.csproj" />
  </Folder>
</Solution>
